
Microsoft Visual Studio Solution File, Format Version 12.00
# Visual Studio Version 17
VisualStudioVersion = 17.5.33424.131
MinimumVisualStudioVersion = 10.0.40219.1
Project("{FAE04EC0-301F-11D3-BF4B-00C04F79EFBC}") = "Maze", "Maze\Maze.csproj", "{B3910B36-D3F0-4ED6-8F6D-6951E50080CE}"
EndProject
Global
	GlobalSection(SolutionConfigurationPlatforms) = preSolution
		Debug|Any CPU = Debug|Any CPU
		Release|Any CPU = Release|Any CPU
	EndGlobalSection
	GlobalSection(ProjectConfigurationPlatforms) = postSolution
		{B3910B36-D3F0-4ED6-8F6D-6951E50080CE}.Debug|Any CPU.ActiveCfg = Debug|Any CPU
		{B3910B36-D3F0-4ED6-8F6D-6951E50080CE}.Debug|Any CPU.Build.0 = Debug|Any CPU
		{B3910B36-D3F0-4ED6-8F6D-6951E50080CE}.Release|Any CPU.ActiveCfg = Release|Any CPU
		{B3910B36-D3F0-4ED6-8F6D-6951E50080CE}.Release|Any CPU.Build.0 = Release|Any CPU
	EndGlobalSection
	GlobalSection(SolutionProperties) = preSolution
		HideSolutionNode = FALSE
	EndGlobalSection
	GlobalSection(ExtensibilityGlobals) = postSolution
		SolutionGuid = {1B33E025-0788-4AA8-A018-BE006A6FF50E}
	EndGlobalSection
EndGlobal
